
Microsoft Visual Studio Solution File, Format Version 12.00
# Visual Studio 2013
VisualStudioVersion = 12.0.21005.1
MinimumVisualStudioVersion = 10.0.40219.1
Project("{8BC9CEB8-8B4A-11D0-8D11-00A0C91BC942}") = "Personality", "Personality\Personality.vcxproj", "{C7624547-8E8A-4B4C-989D-4EC377BD2E3F}"
EndProject
Project("{8BC9CEB8-8B4A-11D0-8D11-00A0C91BC942}") = "Weather", "Weather\Weather.vcxproj", "{D0E87227-F548-417F-8F3E-8733EB8BD25C}"
EndProject
Global
	GlobalSection(SolutionConfigurationPlatforms) = preSolution
		Debug|Win32 = Debug|Win32
		Release|Win32 = Release|Win32
	EndGlobalSection
	GlobalSection(ProjectConfigurationPlatforms) = postSolution
		{C7624547-8E8A-4B4C-989D-4EC377BD2E3F}.Debug|Win32.ActiveCfg = Debug|Win32
		{C7624547-8E8A-4B4C-989D-4EC377BD2E3F}.Debug|Win32.Build.0 = Debug|Win32
		{C7624547-8E8A-4B4C-989D-4EC377BD2E3F}.Release|Win32.ActiveCfg = Release|Win32
		{C7624547-8E8A-4B4C-989D-4EC377BD2E3F}.Release|Win32.Build.0 = Release|Win32
		{D0E87227-F548-417F-8F3E-8733EB8BD25C}.Debug|Win32.ActiveCfg = Debug|Win32
		{D0E87227-F548-417F-8F3E-8733EB8BD25C}.Debug|Win32.Build.0 = Debug|Win32
		{D0E87227-F548-417F-8F3E-8733EB8BD25C}.Release|Win32.ActiveCfg = Release|Win32
		{D0E87227-F548-417F-8F3E-8733EB8BD25C}.Release|Win32.Build.0 = Release|Win32
	EndGlobalSection
	GlobalSection(SolutionProperties) = preSolution
		HideSolutionNode = FALSE
	EndGlobalSection
EndGlobal
