<?xml version="1.0" encoding="utf-8"?>
<Project ToolsVersion="4.0" xmlns="http://schemas.microsoft.com/developer/msbuild/2003">
  <ItemGroup>
    <Filter Include="Source Files">
      <UniqueIdentifier>{4FC737F1-C7A5-4376-A066-2A32D752A2FF}</UniqueIdentifier>
      <Extensions>cpp;c;cc;cxx;def;odl;idl;hpj;bat;asm;asmx</Extensions>
    </Filter>
    <Filter Include="Header Files">
      <UniqueIdentifier>{93995380-89BD-4b04-88EB-625FBE52EBFB}</UniqueIdentifier>
      <Extensions>h;hpp;hxx;hm;inl;inc;xsd</Extensions>
    </Filter>
    <Filter Include="Resource Files">
      <UniqueIdentifier>{67DA6AB6-F800-4c08-8B7A-83BB121AAD01}</UniqueIdentifier>
      <Extensions>rc;ico;cur;bmp;dlg;rc2;rct;bin;rgs;gif;jpg;jpeg;jpe;resx;tiff;tif;png;wav;mfcribbon-ms</Extensions>
    </Filter>
    <Filter Include="FrameWork">
      <UniqueIdentifier>{d75cd620-44d6-4ec9-911b-06bd25aa794f}</UniqueIdentifier>
    </Filter>
    <Filter Include="PlayStates">
      <UniqueIdentifier>{aa12f7b8-3913-4cde-bbb7-847b034400f4}</UniqueIdentifier>
    </Filter>
    <Filter Include="OtherGameStates">
      <UniqueIdentifier>{fb8535f8-22ee-4083-a3a0-ae680b016ef4}</UniqueIdentifier>
    </Filter>
    <Filter Include="Camera">
      <UniqueIdentifier>{c284114f-0cca-4368-8dca-1b0e611bfcd2}</UniqueIdentifier>
    </Filter>
    <Filter Include="Entities">
      <UniqueIdentifier>{1b4e0ca9-c078-4799-a2df-75bbc2f72799}</UniqueIdentifier>
    </Filter>
    <Filter Include="Useless files for reference">
      <UniqueIdentifier>{198409cb-6135-45cb-9e89-6d91210f69a4}</UniqueIdentifier>
    </Filter>
  </ItemGroup>
  <ItemGroup>
    <ClCompile Include="GameStateManager.cpp">
      <Filter>FrameWork</Filter>
    </ClCompile>
    <ClCompile Include="InGameStateManager.cpp">
      <Filter>FrameWork</Filter>
    </ClCompile>
    <ClCompile Include="Input.cpp">
      <Filter>FrameWork</Filter>
    </ClCompile>
    <ClCompile Include="PlayState.cpp">
      <Filter>PlayStates</Filter>
    </ClCompile>
    <ClCompile Include="EndOfDayState.cpp">
      <Filter>PlayStates</Filter>
    </ClCompile>
    <ClCompile Include="MenuState.cpp">
      <Filter>OtherGameStates</Filter>
    </ClCompile>
    <ClCompile Include="StartOfDayState.cpp">
      <Filter>PlayStates</Filter>
    </ClCompile>
    <ClCompile Include="Camera.cpp">
      <Filter>Camera</Filter>
    </ClCompile>
    <ClCompile Include="Vector3.cpp">
      <Filter>Resource Files</Filter>
    </ClCompile>
    <ClCompile Include="Timer.cpp">
      <Filter>Resource Files</Filter>
    </ClCompile>
    <ClCompile Include="main.cpp">
      <Filter>Source Files</Filter>
    </ClCompile>
    <ClCompile Include="Application.cpp">
      <Filter>Source Files</Filter>
    </ClCompile>
    <ClCompile Include="GamePlayState.cpp">
      <Filter>PlayStates</Filter>
    </ClCompile>
    <ClCompile Include="Buttons.cpp">
      <Filter>Resource Files</Filter>
    </ClCompile>
    <ClCompile Include="Money.cpp">
      <Filter>Resource Files</Filter>
    </ClCompile>
    <ClCompile Include="Stalls.cpp">
      <Filter>Resource Files</Filter>
    </ClCompile>
    <ClCompile Include="Entity.cpp">
      <Filter>FrameWork</Filter>
    </ClCompile>
    <ClCompile Include="Location.cpp">
      <Filter>Source Files</Filter>
    </ClCompile>
    <ClCompile Include="Personality.cpp">
      <Filter>Entities</Filter>
    </ClCompile>
    <ClCompile Include="Source.cpp">
      <Filter>Useless files for reference</Filter>
    </ClCompile>
    <ClCompile Include="Grid.cpp">
      <Filter>Resource Files</Filter>
    </ClCompile>
  </ItemGroup>
  <ItemGroup>
    <ClInclude Include="GameState.h">
      <Filter>FrameWork</Filter>
    </ClInclude>
    <ClInclude Include="GameStateManager.h">
      <Filter>FrameWork</Filter>
    </ClInclude>
    <ClInclude Include="InGameState.h">
      <Filter>FrameWork</Filter>
    </ClInclude>
    <ClInclude Include="InGameStateManager.h">
      <Filter>FrameWork</Filter>
    </ClInclude>
    <ClInclude Include="Input.h">
      <Filter>FrameWork</Filter>
    </ClInclude>
    <ClInclude Include="PlayState.h">
      <Filter>PlayStates</Filter>
    </ClInclude>
    <ClInclude Include="EndOfDayState.h">
      <Filter>PlayStates</Filter>
    </ClInclude>
    <ClInclude Include="MenuState.h">
      <Filter>OtherGameStates</Filter>
    </ClInclude>
    <ClInclude Include="StartOfDayState.h">
      <Filter>PlayStates</Filter>
    </ClInclude>
    <ClInclude Include="Camera.h">
      <Filter>Camera</Filter>
    </ClInclude>
    <ClInclude Include="Global.h">
      <Filter>Resource Files</Filter>
    </ClInclude>
    <ClInclude Include="Vector3.h">
      <Filter>Resource Files</Filter>
    </ClInclude>
    <ClInclude Include="Timer.h">
      <Filter>Resource Files</Filter>
    </ClInclude>
    <ClInclude Include="MyMath.h">
      <Filter>Resource Files</Filter>
    </ClInclude>
    <ClInclude Include="Application.h">
      <Filter>Source Files</Filter>
    </ClInclude>
    <ClInclude Include="GamePlayState.h">
      <Filter>PlayStates</Filter>
    </ClInclude>
    <ClInclude Include="TextureImage.h">
      <Filter>Resource Files</Filter>
    </ClInclude>
    <ClInclude Include="Buttons.h">
      <Filter>Resource Files</Filter>
    </ClInclude>
    <ClInclude Include="Money.h">
      <Filter>Resource Files</Filter>
    </ClInclude>
    <ClInclude Include="Stalls.h">
      <Filter>Resource Files</Filter>
    </ClInclude>
    <ClInclude Include="Entity.h">
      <Filter>FrameWork</Filter>
    </ClInclude>
    <ClInclude Include="Location.h">
      <Filter>Header Files</Filter>
    </ClInclude>
    <ClInclude Include="Personality.h">
      <Filter>Entities</Filter>
    </ClInclude>
    <ClInclude Include="Buyer.h">
      <Filter>Entities</Filter>
    </ClInclude>
    <ClInclude Include="Grid.h">
      <Filter>Resource Files</Filter>
    </ClInclude>
  </ItemGroup>
</Project>